
Microsoft Visual Studio Solution File, Format Version 12.00
# Visual Studio Version 16
VisualStudioVersion = 16.0.31205.134
MinimumVisualStudioVersion = 10.0.40219.1
Project("{FAE04EC0-301F-11D3-BF4B-00C04F79EFBC}") = "TRMDataManager", "TRMDataManager\TRMDataManager.csproj", "{F45C9880-13F7-44E8-A240-74F03CEF5936}"
EndProject
Project("{00D1A9C2-B5F0-4AF3-8072-F6C62B433612}") = "TRMData", "TRMData\TRMData.sqlproj", "{C3F67DEB-B0D1-4B2D-8BF6-8A6933550A03}"
EndProject
Project("{FAE04EC0-301F-11D3-BF4B-00C04F79EFBC}") = "TRMDesktopUI", "TRMDesktopUI\TRMDesktopUI.csproj", "{61D8C85D-B6C5-456D-9B4B-53ED612B06EB}"
EndProject
Project("{FAE04EC0-301F-11D3-BF4B-00C04F79EFBC}") = "TRMDataManager.Library", "TRMDataManagerLibrary\TRMDataManager.Library.csproj", "{46B5496B-1142-4E11-9576-0135C3DA0041}"
EndProject
Project("{FAE04EC0-301F-11D3-BF4B-00C04F79EFBC}") = "TRMDesktopUI.Library", "TRMDesktopUI.Library\TRMDesktopUI.Library.csproj", "{BE82C154-3A4E-44B2-9971-B35D64B22D6F}"
EndProject
Project("{2150E333-8FDC-42A3-9474-1A3956D46DE8}") = "Database", "Database", "{9B517677-8DC4-44B8-91F8-23B360A2C1C9}"
EndProject
Project("{2150E333-8FDC-42A3-9474-1A3956D46DE8}") = "API", "API", "{CBC15367-96BB-4028-A916-EB3C5BA0BFC4}"
EndProject
Project("{2150E333-8FDC-42A3-9474-1A3956D46DE8}") = "WPF", "WPF", "{AB26891F-F179-41E5-8590-78622094C170}"
EndProject
Global
	GlobalSection(SolutionConfigurationPlatforms) = preSolution
		Debug|Any CPU = Debug|Any CPU
		Release|Any CPU = Release|Any CPU
	EndGlobalSection
	GlobalSection(ProjectConfigurationPlatforms) = postSolution
		{F45C9880-13F7-44E8-A240-74F03CEF5936}.Debug|Any CPU.ActiveCfg = Debug|Any CPU
		{F45C9880-13F7-44E8-A240-74F03CEF5936}.Debug|Any CPU.Build.0 = Debug|Any CPU
		{F45C9880-13F7-44E8-A240-74F03CEF5936}.Release|Any CPU.ActiveCfg = Release|Any CPU
		{F45C9880-13F7-44E8-A240-74F03CEF5936}.Release|Any CPU.Build.0 = Release|Any CPU
		{C3F67DEB-B0D1-4B2D-8BF6-8A6933550A03}.Debug|Any CPU.ActiveCfg = Debug|Any CPU
		{C3F67DEB-B0D1-4B2D-8BF6-8A6933550A03}.Debug|Any CPU.Build.0 = Debug|Any CPU
		{C3F67DEB-B0D1-4B2D-8BF6-8A6933550A03}.Debug|Any CPU.Deploy.0 = Debug|Any CPU
		{C3F67DEB-B0D1-4B2D-8BF6-8A6933550A03}.Release|Any CPU.ActiveCfg = Release|Any CPU
		{C3F67DEB-B0D1-4B2D-8BF6-8A6933550A03}.Release|Any CPU.Build.0 = Release|Any CPU
		{C3F67DEB-B0D1-4B2D-8BF6-8A6933550A03}.Release|Any CPU.Deploy.0 = Release|Any CPU
		{61D8C85D-B6C5-456D-9B4B-53ED612B06EB}.Debug|Any CPU.ActiveCfg = Debug|Any CPU
		{61D8C85D-B6C5-456D-9B4B-53ED612B06EB}.Debug|Any CPU.Build.0 = Debug|Any CPU
		{61D8C85D-B6C5-456D-9B4B-53ED612B06EB}.Release|Any CPU.ActiveCfg = Release|Any CPU
		{61D8C85D-B6C5-456D-9B4B-53ED612B06EB}.Release|Any CPU.Build.0 = Release|Any CPU
		{46B5496B-1142-4E11-9576-0135C3DA0041}.Debug|Any CPU.ActiveCfg = Debug|Any CPU
		{46B5496B-1142-4E11-9576-0135C3DA0041}.Debug|Any CPU.Build.0 = Debug|Any CPU
		{46B5496B-1142-4E11-9576-0135C3DA0041}.Release|Any CPU.ActiveCfg = Release|Any CPU
		{46B5496B-1142-4E11-9576-0135C3DA0041}.Release|Any CPU.Build.0 = Release|Any CPU
		{BE82C154-3A4E-44B2-9971-B35D64B22D6F}.Debug|Any CPU.ActiveCfg = Debug|Any CPU
		{BE82C154-3A4E-44B2-9971-B35D64B22D6F}.Debug|Any CPU.Build.0 = Debug|Any CPU
		{BE82C154-3A4E-44B2-9971-B35D64B22D6F}.Release|Any CPU.ActiveCfg = Release|Any CPU
		{BE82C154-3A4E-44B2-9971-B35D64B22D6F}.Release|Any CPU.Build.0 = Release|Any CPU
	EndGlobalSection
	GlobalSection(SolutionProperties) = preSolution
		HideSolutionNode = FALSE
	EndGlobalSection
	GlobalSection(NestedProjects) = preSolution
		{F45C9880-13F7-44E8-A240-74F03CEF5936} = {CBC15367-96BB-4028-A916-EB3C5BA0BFC4}
		{C3F67DEB-B0D1-4B2D-8BF6-8A6933550A03} = {9B517677-8DC4-44B8-91F8-23B360A2C1C9}
		{61D8C85D-B6C5-456D-9B4B-53ED612B06EB} = {AB26891F-F179-41E5-8590-78622094C170}
		{46B5496B-1142-4E11-9576-0135C3DA0041} = {CBC15367-96BB-4028-A916-EB3C5BA0BFC4}
		{BE82C154-3A4E-44B2-9971-B35D64B22D6F} = {AB26891F-F179-41E5-8590-78622094C170}
	EndGlobalSection
	GlobalSection(ExtensibilityGlobals) = postSolution
		SolutionGuid = {4721A396-FE00-40B0-86DB-E6717BFCDD8F}
	EndGlobalSection
EndGlobal
